
Microsoft Visual Studio Solution File, Format Version 12.00
# Visual Studio Version 16
VisualStudioVersion = 16.0.29418.71
MinimumVisualStudioVersion = 10.0.40219.1
Project("{FAE04EC0-301F-11D3-BF4B-00C04F79EFBC}") = "BufferVGA", "BufferVGA\BufferVGA.csproj", "{4FB2D765-999A-4FC0-89F5-BE556796034D}"
EndProject
Global
	GlobalSection(SolutionConfigurationPlatforms) = preSolution
		Debug|Any CPU = Debug|Any CPU
		Release|Any CPU = Release|Any CPU
	EndGlobalSection
	GlobalSection(ProjectConfigurationPlatforms) = postSolution
		{4FB2D765-999A-4FC0-89F5-BE556796034D}.Debug|Any CPU.ActiveCfg = Debug|Any CPU
		{4FB2D765-999A-4FC0-89F5-BE556796034D}.Debug|Any CPU.Build.0 = Debug|Any CPU
		{4FB2D765-999A-4FC0-89F5-BE556796034D}.Release|Any CPU.ActiveCfg = Release|Any CPU
		{4FB2D765-999A-4FC0-89F5-BE556796034D}.Release|Any CPU.Build.0 = Release|Any CPU
	EndGlobalSection
	GlobalSection(SolutionProperties) = preSolution
		HideSolutionNode = FALSE
	EndGlobalSection
	GlobalSection(ExtensibilityGlobals) = postSolution
		SolutionGuid = {87AF5821-40B9-4FBB-B0C5-CC1AF2B4DE6D}
	EndGlobalSection
EndGlobal
